
Microsoft Visual Studio Solution File, Format Version 12.00
# Visual Studio Version 16
VisualStudioVersion = 16.0.30011.22
MinimumVisualStudioVersion = 10.0.40219.1
Project("{FAE04EC0-301F-11D3-BF4B-00C04F79EFBC}") = "Character Counter - array", "Character Counter - array\Character Counter - array.csproj", "{61D85A1C-7A5F-470E-B7DA-958BDDC49AFA}"
EndProject
Global
	GlobalSection(SolutionConfigurationPlatforms) = preSolution
		Debug|Any CPU = Debug|Any CPU
		Release|Any CPU = Release|Any CPU
	EndGlobalSection
	GlobalSection(ProjectConfigurationPlatforms) = postSolution
		{61D85A1C-7A5F-470E-B7DA-958BDDC49AFA}.Debug|Any CPU.ActiveCfg = Debug|Any CPU
		{61D85A1C-7A5F-470E-B7DA-958BDDC49AFA}.Debug|Any CPU.Build.0 = Debug|Any CPU
		{61D85A1C-7A5F-470E-B7DA-958BDDC49AFA}.Release|Any CPU.ActiveCfg = Release|Any CPU
		{61D85A1C-7A5F-470E-B7DA-958BDDC49AFA}.Release|Any CPU.Build.0 = Release|Any CPU
	EndGlobalSection
	GlobalSection(SolutionProperties) = preSolution
		HideSolutionNode = FALSE
	EndGlobalSection
	GlobalSection(ExtensibilityGlobals) = postSolution
		SolutionGuid = {420134F9-282C-4EBB-910A-2FD13AF8CFE4}
	EndGlobalSection
EndGlobal
